
Microsoft Visual Studio Solution File, Format Version 12.00
# Visual Studio Version 16
VisualStudioVersion = 16.0.30114.105
MinimumVisualStudioVersion = 10.0.40219.1
Project("{FAE04EC0-301F-11D3-BF4B-00C04F79EFBC}") = "05_Boletin3", "05_Boletin3.csproj", "{CDBAAE05-CC23-4EB0-ACC5-4DC0E6607E12}"
EndProject
Global
	GlobalSection(SolutionConfigurationPlatforms) = preSolution
		Debug|Any CPU = Debug|Any CPU
		Release|Any CPU = Release|Any CPU
	EndGlobalSection
	GlobalSection(ProjectConfigurationPlatforms) = postSolution
		{CDBAAE05-CC23-4EB0-ACC5-4DC0E6607E12}.Debug|Any CPU.ActiveCfg = Debug|Any CPU
		{CDBAAE05-CC23-4EB0-ACC5-4DC0E6607E12}.Debug|Any CPU.Build.0 = Debug|Any CPU
		{CDBAAE05-CC23-4EB0-ACC5-4DC0E6607E12}.Release|Any CPU.ActiveCfg = Release|Any CPU
		{CDBAAE05-CC23-4EB0-ACC5-4DC0E6607E12}.Release|Any CPU.Build.0 = Release|Any CPU
	EndGlobalSection
	GlobalSection(SolutionProperties) = preSolution
		HideSolutionNode = FALSE
	EndGlobalSection
	GlobalSection(ExtensibilityGlobals) = postSolution
		SolutionGuid = {CD739EA3-0D61-4DB7-A293-82620C283C08}
	EndGlobalSection
EndGlobal
