
Microsoft Visual Studio Solution File, Format Version 12.00
# Visual Studio Version 17
VisualStudioVersion = 17.8.34511.84
MinimumVisualStudioVersion = 10.0.40219.1
Project("{FAE04EC0-301F-11D3-BF4B-00C04F79EFBC}") = "01-ListBox", "01-ListBox.csproj", "{B95928A0-49B7-4318-BF8F-C046AB0F9E4B}"
EndProject
Global
	GlobalSection(SolutionConfigurationPlatforms) = preSolution
		Debug|Any CPU = Debug|Any CPU
		Release|Any CPU = Release|Any CPU
	EndGlobalSection
	GlobalSection(ProjectConfigurationPlatforms) = postSolution
		{B95928A0-49B7-4318-BF8F-C046AB0F9E4B}.Debug|Any CPU.ActiveCfg = Debug|Any CPU
		{B95928A0-49B7-4318-BF8F-C046AB0F9E4B}.Debug|Any CPU.Build.0 = Debug|Any CPU
		{B95928A0-49B7-4318-BF8F-C046AB0F9E4B}.Release|Any CPU.ActiveCfg = Release|Any CPU
		{B95928A0-49B7-4318-BF8F-C046AB0F9E4B}.Release|Any CPU.Build.0 = Release|Any CPU
	EndGlobalSection
	GlobalSection(SolutionProperties) = preSolution
		HideSolutionNode = FALSE
	EndGlobalSection
	GlobalSection(ExtensibilityGlobals) = postSolution
		SolutionGuid = {01385B42-BF50-4F07-A02F-4BC3231E515F}
	EndGlobalSection
EndGlobal
