
Microsoft Visual Studio Solution File, Format Version 12.00
# Visual Studio Version 17
VisualStudioVersion = 17.8.34511.84
MinimumVisualStudioVersion = 10.0.40219.1
Project("{FAE04EC0-301F-11D3-BF4B-00C04F79EFBC}") = "06_Boletín", "06_Boletín.csproj", "{65FA2DBC-C7CD-498F-A4CF-277EEC36DA3E}"
EndProject
Global
	GlobalSection(SolutionConfigurationPlatforms) = preSolution
		Debug|Any CPU = Debug|Any CPU
		Release|Any CPU = Release|Any CPU
	EndGlobalSection
	GlobalSection(ProjectConfigurationPlatforms) = postSolution
		{65FA2DBC-C7CD-498F-A4CF-277EEC36DA3E}.Debug|Any CPU.ActiveCfg = Debug|Any CPU
		{65FA2DBC-C7CD-498F-A4CF-277EEC36DA3E}.Debug|Any CPU.Build.0 = Debug|Any CPU
		{65FA2DBC-C7CD-498F-A4CF-277EEC36DA3E}.Release|Any CPU.ActiveCfg = Release|Any CPU
		{65FA2DBC-C7CD-498F-A4CF-277EEC36DA3E}.Release|Any CPU.Build.0 = Release|Any CPU
	EndGlobalSection
	GlobalSection(SolutionProperties) = preSolution
		HideSolutionNode = FALSE
	EndGlobalSection
	GlobalSection(ExtensibilityGlobals) = postSolution
		SolutionGuid = {CF1308F3-4BD8-45E2-89BA-DF2961DB0609}
	EndGlobalSection
EndGlobal
