
Microsoft Visual Studio Solution File, Format Version 12.00
# Visual Studio Version 16
VisualStudioVersion = 16.0.30114.105
MinimumVisualStudioVersion = 10.0.40219.1
Project("{FAE04EC0-301F-11D3-BF4B-00C04F79EFBC}") = "LibreriaMath", "LibreriaMath.csproj", "{E5A2DA05-AB5E-44BC-833C-6ECF1F81B75A}"
EndProject
Global
	GlobalSection(SolutionConfigurationPlatforms) = preSolution
		Debug|Any CPU = Debug|Any CPU
		Release|Any CPU = Release|Any CPU
	EndGlobalSection
	GlobalSection(ProjectConfigurationPlatforms) = postSolution
		{E5A2DA05-AB5E-44BC-833C-6ECF1F81B75A}.Debug|Any CPU.ActiveCfg = Debug|Any CPU
		{E5A2DA05-AB5E-44BC-833C-6ECF1F81B75A}.Debug|Any CPU.Build.0 = Debug|Any CPU
		{E5A2DA05-AB5E-44BC-833C-6ECF1F81B75A}.Release|Any CPU.ActiveCfg = Release|Any CPU
		{E5A2DA05-AB5E-44BC-833C-6ECF1F81B75A}.Release|Any CPU.Build.0 = Release|Any CPU
	EndGlobalSection
	GlobalSection(SolutionProperties) = preSolution
		HideSolutionNode = FALSE
	EndGlobalSection
	GlobalSection(ExtensibilityGlobals) = postSolution
		SolutionGuid = {7FFD3BD2-D4CF-4141-B9E3-79C44232DF41}
	EndGlobalSection
EndGlobal
