
Microsoft Visual Studio Solution File, Format Version 12.00
# Visual Studio Version 16
VisualStudioVersion = 16.0.30114.105
MinimumVisualStudioVersion = 10.0.40219.1
Project("{FAE04EC0-301F-11D3-BF4B-00C04F79EFBC}") = "Ejercicios8y9", "Ejercicios8y9.csproj", "{CF62A2B2-AD66-4438-A85F-53A910D52372}"
EndProject
Global
	GlobalSection(SolutionConfigurationPlatforms) = preSolution
		Debug|Any CPU = Debug|Any CPU
		Release|Any CPU = Release|Any CPU
	EndGlobalSection
	GlobalSection(ProjectConfigurationPlatforms) = postSolution
		{CF62A2B2-AD66-4438-A85F-53A910D52372}.Debug|Any CPU.ActiveCfg = Debug|Any CPU
		{CF62A2B2-AD66-4438-A85F-53A910D52372}.Debug|Any CPU.Build.0 = Debug|Any CPU
		{CF62A2B2-AD66-4438-A85F-53A910D52372}.Release|Any CPU.ActiveCfg = Release|Any CPU
		{CF62A2B2-AD66-4438-A85F-53A910D52372}.Release|Any CPU.Build.0 = Release|Any CPU
	EndGlobalSection
	GlobalSection(SolutionProperties) = preSolution
		HideSolutionNode = FALSE
	EndGlobalSection
	GlobalSection(ExtensibilityGlobals) = postSolution
		SolutionGuid = {7F8F6FED-55EC-4FF4-BDE0-274B46267AA1}
	EndGlobalSection
EndGlobal
