
Microsoft Visual Studio Solution File, Format Version 12.00
# Visual Studio Version 16
VisualStudioVersion = 16.0.30114.105
MinimumVisualStudioVersion = 10.0.40219.1
Project("{FAE04EC0-301F-11D3-BF4B-00C04F79EFBC}") = "SentenciaIfElseIf", "SentenciaIfElseIf.csproj", "{02595250-89DB-4198-96F0-2FBF343CDB09}"
EndProject
Global
	GlobalSection(SolutionConfigurationPlatforms) = preSolution
		Debug|Any CPU = Debug|Any CPU
		Release|Any CPU = Release|Any CPU
	EndGlobalSection
	GlobalSection(ProjectConfigurationPlatforms) = postSolution
		{02595250-89DB-4198-96F0-2FBF343CDB09}.Debug|Any CPU.ActiveCfg = Debug|Any CPU
		{02595250-89DB-4198-96F0-2FBF343CDB09}.Debug|Any CPU.Build.0 = Debug|Any CPU
		{02595250-89DB-4198-96F0-2FBF343CDB09}.Release|Any CPU.ActiveCfg = Release|Any CPU
		{02595250-89DB-4198-96F0-2FBF343CDB09}.Release|Any CPU.Build.0 = Release|Any CPU
	EndGlobalSection
	GlobalSection(SolutionProperties) = preSolution
		HideSolutionNode = FALSE
	EndGlobalSection
	GlobalSection(ExtensibilityGlobals) = postSolution
		SolutionGuid = {35F6BF4F-DE0F-4663-BE44-76ECD1D64D1B}
	EndGlobalSection
EndGlobal
