
Microsoft Visual Studio Solution File, Format Version 12.00
# Visual Studio Version 16
VisualStudioVersion = 16.0.30114.105
MinimumVisualStudioVersion = 10.0.40219.1
Project("{FAE04EC0-301F-11D3-BF4B-00C04F79EFBC}") = "01Operadores", "01Operadores.csproj", "{784C0029-149D-4F5B-8654-055366B82885}"
EndProject
Global
	GlobalSection(SolutionConfigurationPlatforms) = preSolution
		Debug|Any CPU = Debug|Any CPU
		Release|Any CPU = Release|Any CPU
	EndGlobalSection
	GlobalSection(ProjectConfigurationPlatforms) = postSolution
		{784C0029-149D-4F5B-8654-055366B82885}.Debug|Any CPU.ActiveCfg = Debug|Any CPU
		{784C0029-149D-4F5B-8654-055366B82885}.Debug|Any CPU.Build.0 = Debug|Any CPU
		{784C0029-149D-4F5B-8654-055366B82885}.Release|Any CPU.ActiveCfg = Release|Any CPU
		{784C0029-149D-4F5B-8654-055366B82885}.Release|Any CPU.Build.0 = Release|Any CPU
	EndGlobalSection
	GlobalSection(SolutionProperties) = preSolution
		HideSolutionNode = FALSE
	EndGlobalSection
	GlobalSection(ExtensibilityGlobals) = postSolution
		SolutionGuid = {476B0A4E-20E7-4192-A08C-E9BCCC85356E}
	EndGlobalSection
EndGlobal
