
Microsoft Visual Studio Solution File, Format Version 12.00
# Visual Studio Version 16
VisualStudioVersion = 16.0.30114.105
MinimumVisualStudioVersion = 10.0.40219.1
Project("{FAE04EC0-301F-11D3-BF4B-00C04F79EFBC}") = "01ExplicacionArrays", "01ExplicacionArrays.csproj", "{FBAFE626-2461-4A79-A59E-35BDD6EEB2D2}"
EndProject
Global
	GlobalSection(SolutionConfigurationPlatforms) = preSolution
		Debug|Any CPU = Debug|Any CPU
		Release|Any CPU = Release|Any CPU
	EndGlobalSection
	GlobalSection(ProjectConfigurationPlatforms) = postSolution
		{FBAFE626-2461-4A79-A59E-35BDD6EEB2D2}.Debug|Any CPU.ActiveCfg = Debug|Any CPU
		{FBAFE626-2461-4A79-A59E-35BDD6EEB2D2}.Debug|Any CPU.Build.0 = Debug|Any CPU
		{FBAFE626-2461-4A79-A59E-35BDD6EEB2D2}.Release|Any CPU.ActiveCfg = Release|Any CPU
		{FBAFE626-2461-4A79-A59E-35BDD6EEB2D2}.Release|Any CPU.Build.0 = Release|Any CPU
	EndGlobalSection
	GlobalSection(SolutionProperties) = preSolution
		HideSolutionNode = FALSE
	EndGlobalSection
	GlobalSection(ExtensibilityGlobals) = postSolution
		SolutionGuid = {E92D4D39-0822-46E1-B2AC-20C157FE3E3F}
	EndGlobalSection
EndGlobal
