
Microsoft Visual Studio Solution File, Format Version 12.00
# Visual Studio Version 16
VisualStudioVersion = 16.0.30114.105
MinimumVisualStudioVersion = 10.0.40219.1
Project("{FAE04EC0-301F-11D3-BF4B-00C04F79EFBC}") = "Repaso10", "Repaso10.csproj", "{6A27EFD0-3525-4D57-BA42-A65A7DC261A8}"
EndProject
Global
	GlobalSection(SolutionConfigurationPlatforms) = preSolution
		Debug|Any CPU = Debug|Any CPU
		Release|Any CPU = Release|Any CPU
	EndGlobalSection
	GlobalSection(ProjectConfigurationPlatforms) = postSolution
		{6A27EFD0-3525-4D57-BA42-A65A7DC261A8}.Debug|Any CPU.ActiveCfg = Debug|Any CPU
		{6A27EFD0-3525-4D57-BA42-A65A7DC261A8}.Debug|Any CPU.Build.0 = Debug|Any CPU
		{6A27EFD0-3525-4D57-BA42-A65A7DC261A8}.Release|Any CPU.ActiveCfg = Release|Any CPU
		{6A27EFD0-3525-4D57-BA42-A65A7DC261A8}.Release|Any CPU.Build.0 = Release|Any CPU
	EndGlobalSection
	GlobalSection(SolutionProperties) = preSolution
		HideSolutionNode = FALSE
	EndGlobalSection
	GlobalSection(ExtensibilityGlobals) = postSolution
		SolutionGuid = {6B76DC06-8A6F-47B4-835C-1256D1D58D7E}
	EndGlobalSection
EndGlobal
