
Microsoft Visual Studio Solution File, Format Version 12.00
# Visual Studio Version 17
VisualStudioVersion = 17.8.34511.84
MinimumVisualStudioVersion = 10.0.40219.1
Project("{FAE04EC0-301F-11D3-BF4B-00C04F79EFBC}") = "01Introduccion", "01Introduccion.csproj", "{FFBF2394-D2EC-4732-A228-CD4FE8034F11}"
EndProject
Global
	GlobalSection(SolutionConfigurationPlatforms) = preSolution
		Debug|Any CPU = Debug|Any CPU
		Release|Any CPU = Release|Any CPU
	EndGlobalSection
	GlobalSection(ProjectConfigurationPlatforms) = postSolution
		{FFBF2394-D2EC-4732-A228-CD4FE8034F11}.Debug|Any CPU.ActiveCfg = Debug|Any CPU
		{FFBF2394-D2EC-4732-A228-CD4FE8034F11}.Debug|Any CPU.Build.0 = Debug|Any CPU
		{FFBF2394-D2EC-4732-A228-CD4FE8034F11}.Release|Any CPU.ActiveCfg = Release|Any CPU
		{FFBF2394-D2EC-4732-A228-CD4FE8034F11}.Release|Any CPU.Build.0 = Release|Any CPU
	EndGlobalSection
	GlobalSection(SolutionProperties) = preSolution
		HideSolutionNode = FALSE
	EndGlobalSection
	GlobalSection(ExtensibilityGlobals) = postSolution
		SolutionGuid = {11EEC5B4-86AA-4803-9098-3CDD6F862A4E}
	EndGlobalSection
EndGlobal
