
Microsoft Visual Studio Solution File, Format Version 12.00
# Visual Studio Version 16
VisualStudioVersion = 16.0.30114.105
MinimumVisualStudioVersion = 10.0.40219.1
Project("{FAE04EC0-301F-11D3-BF4B-00C04F79EFBC}") = "Ejemplo1", "Ejemplo1.csproj", "{FDBF8A3F-D9B5-4D4A-9E3E-361DDD92E142}"
EndProject
Global
	GlobalSection(SolutionConfigurationPlatforms) = preSolution
		Debug|Any CPU = Debug|Any CPU
		Release|Any CPU = Release|Any CPU
	EndGlobalSection
	GlobalSection(ProjectConfigurationPlatforms) = postSolution
		{FDBF8A3F-D9B5-4D4A-9E3E-361DDD92E142}.Debug|Any CPU.ActiveCfg = Debug|Any CPU
		{FDBF8A3F-D9B5-4D4A-9E3E-361DDD92E142}.Debug|Any CPU.Build.0 = Debug|Any CPU
		{FDBF8A3F-D9B5-4D4A-9E3E-361DDD92E142}.Release|Any CPU.ActiveCfg = Release|Any CPU
		{FDBF8A3F-D9B5-4D4A-9E3E-361DDD92E142}.Release|Any CPU.Build.0 = Release|Any CPU
	EndGlobalSection
	GlobalSection(SolutionProperties) = preSolution
		HideSolutionNode = FALSE
	EndGlobalSection
	GlobalSection(ExtensibilityGlobals) = postSolution
		SolutionGuid = {4274B01B-54EA-464E-808D-279511398DE4}
	EndGlobalSection
EndGlobal
