
Microsoft Visual Studio Solution File, Format Version 12.00
# Visual Studio Version 16
VisualStudioVersion = 16.0.30114.105
MinimumVisualStudioVersion = 10.0.40219.1
Project("{FAE04EC0-301F-11D3-BF4B-00C04F79EFBC}") = "02Boletin", "02Boletin.csproj", "{A92A4A9C-2591-4B3E-A945-C8053D27763A}"
EndProject
Global
	GlobalSection(SolutionConfigurationPlatforms) = preSolution
		Debug|Any CPU = Debug|Any CPU
		Release|Any CPU = Release|Any CPU
	EndGlobalSection
	GlobalSection(ProjectConfigurationPlatforms) = postSolution
		{A92A4A9C-2591-4B3E-A945-C8053D27763A}.Debug|Any CPU.ActiveCfg = Debug|Any CPU
		{A92A4A9C-2591-4B3E-A945-C8053D27763A}.Debug|Any CPU.Build.0 = Debug|Any CPU
		{A92A4A9C-2591-4B3E-A945-C8053D27763A}.Release|Any CPU.ActiveCfg = Release|Any CPU
		{A92A4A9C-2591-4B3E-A945-C8053D27763A}.Release|Any CPU.Build.0 = Release|Any CPU
	EndGlobalSection
	GlobalSection(SolutionProperties) = preSolution
		HideSolutionNode = FALSE
	EndGlobalSection
	GlobalSection(ExtensibilityGlobals) = postSolution
		SolutionGuid = {AC632573-CCA8-4943-9AFB-7427CF831348}
	EndGlobalSection
EndGlobal
