
Microsoft Visual Studio Solution File, Format Version 12.00
# Visual Studio Version 16
VisualStudioVersion = 16.0.30114.105
MinimumVisualStudioVersion = 10.0.40219.1
Project("{FAE04EC0-301F-11D3-BF4B-00C04F79EFBC}") = "FOREACH", "FOREACH.csproj", "{6443F3DD-606C-4DC8-BC01-A1DFAD6673E6}"
EndProject
Global
	GlobalSection(SolutionConfigurationPlatforms) = preSolution
		Debug|Any CPU = Debug|Any CPU
		Release|Any CPU = Release|Any CPU
	EndGlobalSection
	GlobalSection(ProjectConfigurationPlatforms) = postSolution
		{6443F3DD-606C-4DC8-BC01-A1DFAD6673E6}.Debug|Any CPU.ActiveCfg = Debug|Any CPU
		{6443F3DD-606C-4DC8-BC01-A1DFAD6673E6}.Debug|Any CPU.Build.0 = Debug|Any CPU
		{6443F3DD-606C-4DC8-BC01-A1DFAD6673E6}.Release|Any CPU.ActiveCfg = Release|Any CPU
		{6443F3DD-606C-4DC8-BC01-A1DFAD6673E6}.Release|Any CPU.Build.0 = Release|Any CPU
	EndGlobalSection
	GlobalSection(SolutionProperties) = preSolution
		HideSolutionNode = FALSE
	EndGlobalSection
	GlobalSection(ExtensibilityGlobals) = postSolution
		SolutionGuid = {218CBD1E-49FF-4D53-B190-3A24E0586A07}
	EndGlobalSection
EndGlobal
